
Microsoft Visual Studio Solution File, Format Version 12.00
# Visual Studio Version 16
VisualStudioVersion = 16.0.29306.81
MinimumVisualStudioVersion = 10.0.40219.1
Project("{FAE04EC0-301F-11D3-BF4B-00C04F79EFBC}") = "Weather", "Weather\Weather.csproj", "{3AFAC4E4-493C-4C09-9EF1-E30ED925E256}"
EndProject
Global
	GlobalSection(SolutionConfigurationPlatforms) = preSolution
		Debug|Any CPU = Debug|Any CPU
		Release|Any CPU = Release|Any CPU
	EndGlobalSection
	GlobalSection(ProjectConfigurationPlatforms) = postSolution
		{3AFAC4E4-493C-4C09-9EF1-E30ED925E256}.Debug|Any CPU.ActiveCfg = Debug|Any CPU
		{3AFAC4E4-493C-4C09-9EF1-E30ED925E256}.Debug|Any CPU.Build.0 = Debug|Any CPU
		{3AFAC4E4-493C-4C09-9EF1-E30ED925E256}.Release|Any CPU.ActiveCfg = Release|Any CPU
		{3AFAC4E4-493C-4C09-9EF1-E30ED925E256}.Release|Any CPU.Build.0 = Release|Any CPU
	EndGlobalSection
	GlobalSection(SolutionProperties) = preSolution
		HideSolutionNode = FALSE
	EndGlobalSection
	GlobalSection(ExtensibilityGlobals) = postSolution
		SolutionGuid = {694C2B1D-1CD0-4760-A7C6-3E701EF274AF}
	EndGlobalSection
EndGlobal
